
Microsoft Visual Studio Solution File, Format Version 12.00
# Visual Studio Version 16
VisualStudioVersion = 16.0.30002.166
MinimumVisualStudioVersion = 10.0.40219.1
Project("{8BC9CEB8-8B4A-11D0-8D11-00A0C91BC942}") = "TTT_cpu", "TTT_cpu.vcxproj", "{C726FE3F-E11D-4736-A32A-3EAFF36105A4}"
EndProject
Global
	GlobalSection(SolutionConfigurationPlatforms) = preSolution
		Debug|x64 = Debug|x64
		Debug|x86 = Debug|x86
		Release|x64 = Release|x64
		Release|x86 = Release|x86
	EndGlobalSection
	GlobalSection(ProjectConfigurationPlatforms) = postSolution
		{C726FE3F-E11D-4736-A32A-3EAFF36105A4}.Debug|x64.ActiveCfg = Debug|x64
		{C726FE3F-E11D-4736-A32A-3EAFF36105A4}.Debug|x64.Build.0 = Debug|x64
		{C726FE3F-E11D-4736-A32A-3EAFF36105A4}.Debug|x86.ActiveCfg = Debug|Win32
		{C726FE3F-E11D-4736-A32A-3EAFF36105A4}.Debug|x86.Build.0 = Debug|Win32
		{C726FE3F-E11D-4736-A32A-3EAFF36105A4}.Release|x64.ActiveCfg = Release|x64
		{C726FE3F-E11D-4736-A32A-3EAFF36105A4}.Release|x64.Build.0 = Release|x64
		{C726FE3F-E11D-4736-A32A-3EAFF36105A4}.Release|x86.ActiveCfg = Release|Win32
		{C726FE3F-E11D-4736-A32A-3EAFF36105A4}.Release|x86.Build.0 = Release|Win32
	EndGlobalSection
	GlobalSection(SolutionProperties) = preSolution
		HideSolutionNode = FALSE
	EndGlobalSection
	GlobalSection(ExtensibilityGlobals) = postSolution
		SolutionGuid = {F8B076CD-70FE-4F1D-ADEB-77E3D57958B3}
	EndGlobalSection
EndGlobal
